
Microsoft Visual Studio Solution File, Format Version 12.00
# Visual Studio Version 17
VisualStudioVersion = 17.9.34714.143
MinimumVisualStudioVersion = 10.0.40219.1
Project("{9A19103F-16F7-4668-BE54-9A1E7A4F7556}") = "SongSanctuary", "SongSanctuary\SongSanctuary.csproj", "{B412444D-E1A0-4E43-92C2-9FB122E7CD12}"
EndProject
Project("{9A19103F-16F7-4668-BE54-9A1E7A4F7556}") = "Data", "Data\Data.csproj", "{CF1B400A-EEEE-4A97-9AE8-CBA0BC73A452}"
EndProject
Project("{9A19103F-16F7-4668-BE54-9A1E7A4F7556}") = "Controller", "Controller\Controller.csproj", "{A7661EF3-DB5B-4C6F-9B71-D08CE329C58B}"
EndProject
Project("{9A19103F-16F7-4668-BE54-9A1E7A4F7556}") = "UnitTests", "UnitTests\UnitTests.csproj", "{68A1583D-5D26-4E39-9FED-DFBBE3DA4807}"
EndProject
Project("{2150E333-8FDC-42A3-9474-1A3956D46DE8}") = "SQL queries", "SQL queries", "{5B04B136-FCFB-4293-9F15-D849267CD67D}"
	ProjectSection(SolutionItems) = preProject
		AddEntries.sql = AddEntries.sql
		CreateDatabase.sql = CreateDatabase.sql
		DropTables.sql = DropTables.sql
	EndProjectSection
EndProject
Global
	GlobalSection(SolutionConfigurationPlatforms) = preSolution
		Debug|Any CPU = Debug|Any CPU
		Release|Any CPU = Release|Any CPU
	EndGlobalSection
	GlobalSection(ProjectConfigurationPlatforms) = postSolution
		{B412444D-E1A0-4E43-92C2-9FB122E7CD12}.Debug|Any CPU.ActiveCfg = Debug|Any CPU
		{B412444D-E1A0-4E43-92C2-9FB122E7CD12}.Debug|Any CPU.Build.0 = Debug|Any CPU
		{B412444D-E1A0-4E43-92C2-9FB122E7CD12}.Release|Any CPU.ActiveCfg = Release|Any CPU
		{B412444D-E1A0-4E43-92C2-9FB122E7CD12}.Release|Any CPU.Build.0 = Release|Any CPU
		{CF1B400A-EEEE-4A97-9AE8-CBA0BC73A452}.Debug|Any CPU.ActiveCfg = Debug|Any CPU
		{CF1B400A-EEEE-4A97-9AE8-CBA0BC73A452}.Debug|Any CPU.Build.0 = Debug|Any CPU
		{CF1B400A-EEEE-4A97-9AE8-CBA0BC73A452}.Release|Any CPU.ActiveCfg = Release|Any CPU
		{CF1B400A-EEEE-4A97-9AE8-CBA0BC73A452}.Release|Any CPU.Build.0 = Release|Any CPU
		{A7661EF3-DB5B-4C6F-9B71-D08CE329C58B}.Debug|Any CPU.ActiveCfg = Debug|Any CPU
		{A7661EF3-DB5B-4C6F-9B71-D08CE329C58B}.Debug|Any CPU.Build.0 = Debug|Any CPU
		{A7661EF3-DB5B-4C6F-9B71-D08CE329C58B}.Release|Any CPU.ActiveCfg = Release|Any CPU
		{A7661EF3-DB5B-4C6F-9B71-D08CE329C58B}.Release|Any CPU.Build.0 = Release|Any CPU
		{68A1583D-5D26-4E39-9FED-DFBBE3DA4807}.Debug|Any CPU.ActiveCfg = Debug|Any CPU
		{68A1583D-5D26-4E39-9FED-DFBBE3DA4807}.Debug|Any CPU.Build.0 = Debug|Any CPU
		{68A1583D-5D26-4E39-9FED-DFBBE3DA4807}.Release|Any CPU.ActiveCfg = Release|Any CPU
		{68A1583D-5D26-4E39-9FED-DFBBE3DA4807}.Release|Any CPU.Build.0 = Release|Any CPU
	EndGlobalSection
	GlobalSection(SolutionProperties) = preSolution
		HideSolutionNode = FALSE
	EndGlobalSection
	GlobalSection(ExtensibilityGlobals) = postSolution
		SolutionGuid = {EF9E9890-1CD4-4985-B5E9-245E0BC6892A}
	EndGlobalSection
EndGlobal
